
Microsoft Visual Studio Solution File, Format Version 12.00
# Visual Studio Version 16
VisualStudioVersion = 16.0.31105.61
MinimumVisualStudioVersion = 10.0.40219.1
Project("{FAE04EC0-301F-11D3-BF4B-00C04F79EFBC}") = "DockerIntegration", "DockerIntegration\DockerIntegration.csproj", "{633A4B28-A7E9-4EC8-B2F4-691E64772891}"
EndProject
Global
	GlobalSection(SolutionConfigurationPlatforms) = preSolution
		Debug|Any CPU = Debug|Any CPU
		Release|Any CPU = Release|Any CPU
	EndGlobalSection
	GlobalSection(ProjectConfigurationPlatforms) = postSolution
		{633A4B28-A7E9-4EC8-B2F4-691E64772891}.Debug|Any CPU.ActiveCfg = Debug|Any CPU
		{633A4B28-A7E9-4EC8-B2F4-691E64772891}.Debug|Any CPU.Build.0 = Debug|Any CPU
		{633A4B28-A7E9-4EC8-B2F4-691E64772891}.Release|Any CPU.ActiveCfg = Release|Any CPU
		{633A4B28-A7E9-4EC8-B2F4-691E64772891}.Release|Any CPU.Build.0 = Release|Any CPU
	EndGlobalSection
	GlobalSection(SolutionProperties) = preSolution
		HideSolutionNode = FALSE
	EndGlobalSection
	GlobalSection(ExtensibilityGlobals) = postSolution
		SolutionGuid = {556703D3-F9B0-4FA7-B887-0808EBE34D7F}
	EndGlobalSection
EndGlobal
